
Microsoft Visual Studio Solution File, Format Version 12.00
# Visual Studio Version 17
VisualStudioVersion = 17.5.002.0
MinimumVisualStudioVersion = 10.0.40219.1
Project("{9A19103F-16F7-4668-BE54-9A1E7A4F7556}") = "Hosting-System-of-a-Hotel-at-C-Sharp", "Hosting-System-of-a-Hotel-at-C-Sharp.csproj", "{24683092-B2B9-46B8-8A2F-E54F031A81B4}"
EndProject
Global
	GlobalSection(SolutionConfigurationPlatforms) = preSolution
		Debug|Any CPU = Debug|Any CPU
		Release|Any CPU = Release|Any CPU
	EndGlobalSection
	GlobalSection(ProjectConfigurationPlatforms) = postSolution
		{24683092-B2B9-46B8-8A2F-E54F031A81B4}.Debug|Any CPU.ActiveCfg = Debug|Any CPU
		{24683092-B2B9-46B8-8A2F-E54F031A81B4}.Debug|Any CPU.Build.0 = Debug|Any CPU
		{24683092-B2B9-46B8-8A2F-E54F031A81B4}.Release|Any CPU.ActiveCfg = Release|Any CPU
		{24683092-B2B9-46B8-8A2F-E54F031A81B4}.Release|Any CPU.Build.0 = Release|Any CPU
	EndGlobalSection
	GlobalSection(SolutionProperties) = preSolution
		HideSolutionNode = FALSE
	EndGlobalSection
	GlobalSection(ExtensibilityGlobals) = postSolution
		SolutionGuid = {0C879380-0BD9-4031-B6D4-35C988942B59}
	EndGlobalSection
EndGlobal
